# This file is generated by running "yarn install" inside your project.
# Manual changes might be lost - proceed with caution!

__metadata:
  version: 8
  cacheKey: 10c0

"@types/prop-types@npm:*":
  version: 15.7.5
  resolution: "@types/prop-types@npm:15.7.5"
  checksum: 10c0/648aae41423821c61c83823ae36116c8d0f68258f8b609bdbc257752dcd616438d6343d554262aa9a7edaee5a19aca2e028a74fa2d0f40fffaf2816bc7056857
  languageName: node
  linkType: hard

"@types/react@npm:^18.2.46":
  version: 18.2.46
  resolution: "@types/react@npm:18.2.46"
  dependencies:
    "@types/prop-types": "npm:*"
    "@types/scheduler": "npm:*"
    csstype: "npm:^3.0.2"
  checksum: 10c0/814cc67107e5e69501d65bfc371cc2c716665d2a3608d395a2f81e24c3a2875db28e2cad717dfb17017eabcffd1d68ee2c9e09ecaba3f7108d5b7fbb9888ebab
  languageName: node
  linkType: hard

"@types/scheduler@npm:*":
  version: 0.16.3
  resolution: "@types/scheduler@npm:0.16.3"
  checksum: 10c0/c249d4b96fa05165ac22c214f94a045ee0af8beedefdbc54b769febd0044cab3a874e55419841a0dcc76439e379a63e257f3253c87168e3261e7bc783d623302
  languageName: node
  linkType: hard

"csstype@npm:^3.0.2":
  version: 3.1.2
  resolution: "csstype@npm:3.1.2"
  checksum: 10c0/32c038af259897c807ac738d9eab16b3d86747c72b09d5c740978e06f067f9b7b1737e1b75e407c7ab1fe1543dc95f20e202b4786aeb1b8d3bdf5d5ce655e6c6
  languageName: node
  linkType: hard

"tn-typescript@workspace:.":
  version: 0.0.0-use.local
  resolution: "tn-typescript@workspace:."
  dependencies:
    "@types/react": "npm:^18.2.46"
    typescript: "npm:^5.2.2"
  languageName: unknown
  linkType: soft

"typescript@npm:^5.2.2":
  version: 5.2.2
  resolution: "typescript@npm:5.2.2"
  bin:
    tsc: bin/tsc
    tsserver: bin/tsserver
  checksum: 10c0/91ae3e6193d0ddb8656d4c418a033f0f75dec5e077ebbc2bd6d76439b93f35683936ee1bdc0e9cf94ec76863aa49f27159b5788219b50e1cd0cd6d110aa34b07
  languageName: node
  linkType: hard

"typescript@patch:typescript@npm%3A^5.2.2#optional!builtin<compat/typescript>":
  version: 5.2.2
  resolution: "typescript@patch:typescript@npm%3A5.2.2#optional!builtin<compat/typescript>::version=5.2.2&hash=f3b441"
  bin:
    tsc: bin/tsc
    tsserver: bin/tsserver
  checksum: 10c0/062c1cee1990e6b9419ce8a55162b8dc917eb87f807e4de0327dbc1c2fa4e5f61bc0dd4e034d38ff541d1ed0479b53bcee8e4de3a4075c51a1724eb6216cb6f5
  languageName: node
  linkType: hard
